
Microsoft Visual Studio Solution File, Format Version 12.00
# Visual Studio Version 17
VisualStudioVersion = 17.0.31903.59
MinimumVisualStudioVersion = 10.0.40219.1
Project("{9A19103F-16F7-4668-BE54-9A1E7A4F7556}") = "Application", "Application\Application.csproj", "{F6ADC6A6-78F0-4BAE-BA01-DF2FDB642DBF}"
EndProject
Project("{9A19103F-16F7-4668-BE54-9A1E7A4F7556}") = "Domain", "Domain\Domain.csproj", "{00F70ED3-B8C4-4451-9176-5A17B4FF0AC0}"
EndProject
Project("{9A19103F-16F7-4668-BE54-9A1E7A4F7556}") = "Service", "Service\Service.csproj", "{0BBEBC96-736B-4657-9604-111DFB4B361F}"
EndProject
Project("{9A19103F-16F7-4668-BE54-9A1E7A4F7556}") = "CrossCutting", "CrossCutting\CrossCutting.csproj", "{1505C66B-D1EB-4447-B86C-B4D5A99CEDF4}"
EndProject
Project("{9A19103F-16F7-4668-BE54-9A1E7A4F7556}") = "Data", "Data\Data.csproj", "{738F2A74-13DF-47FC-AC41-9EC389B6DBDB}"
EndProject
Global
	GlobalSection(SolutionConfigurationPlatforms) = preSolution
		Debug|Any CPU = Debug|Any CPU
		Release|Any CPU = Release|Any CPU
	EndGlobalSection
	GlobalSection(ProjectConfigurationPlatforms) = postSolution
		{F6ADC6A6-78F0-4BAE-BA01-DF2FDB642DBF}.Debug|Any CPU.ActiveCfg = Debug|Any CPU
		{F6ADC6A6-78F0-4BAE-BA01-DF2FDB642DBF}.Debug|Any CPU.Build.0 = Debug|Any CPU
		{F6ADC6A6-78F0-4BAE-BA01-DF2FDB642DBF}.Release|Any CPU.ActiveCfg = Release|Any CPU
		{F6ADC6A6-78F0-4BAE-BA01-DF2FDB642DBF}.Release|Any CPU.Build.0 = Release|Any CPU
		{00F70ED3-B8C4-4451-9176-5A17B4FF0AC0}.Debug|Any CPU.ActiveCfg = Debug|Any CPU
		{00F70ED3-B8C4-4451-9176-5A17B4FF0AC0}.Debug|Any CPU.Build.0 = Debug|Any CPU
		{00F70ED3-B8C4-4451-9176-5A17B4FF0AC0}.Release|Any CPU.ActiveCfg = Release|Any CPU
		{00F70ED3-B8C4-4451-9176-5A17B4FF0AC0}.Release|Any CPU.Build.0 = Release|Any CPU
		{0BBEBC96-736B-4657-9604-111DFB4B361F}.Debug|Any CPU.ActiveCfg = Debug|Any CPU
		{0BBEBC96-736B-4657-9604-111DFB4B361F}.Debug|Any CPU.Build.0 = Debug|Any CPU
		{0BBEBC96-736B-4657-9604-111DFB4B361F}.Release|Any CPU.ActiveCfg = Release|Any CPU
		{0BBEBC96-736B-4657-9604-111DFB4B361F}.Release|Any CPU.Build.0 = Release|Any CPU
		{1505C66B-D1EB-4447-B86C-B4D5A99CEDF4}.Debug|Any CPU.ActiveCfg = Debug|Any CPU
		{1505C66B-D1EB-4447-B86C-B4D5A99CEDF4}.Debug|Any CPU.Build.0 = Debug|Any CPU
		{1505C66B-D1EB-4447-B86C-B4D5A99CEDF4}.Release|Any CPU.ActiveCfg = Release|Any CPU
		{1505C66B-D1EB-4447-B86C-B4D5A99CEDF4}.Release|Any CPU.Build.0 = Release|Any CPU
		{738F2A74-13DF-47FC-AC41-9EC389B6DBDB}.Debug|Any CPU.ActiveCfg = Debug|Any CPU
		{738F2A74-13DF-47FC-AC41-9EC389B6DBDB}.Debug|Any CPU.Build.0 = Debug|Any CPU
		{738F2A74-13DF-47FC-AC41-9EC389B6DBDB}.Release|Any CPU.ActiveCfg = Release|Any CPU
		{738F2A74-13DF-47FC-AC41-9EC389B6DBDB}.Release|Any CPU.Build.0 = Release|Any CPU
	EndGlobalSection
	GlobalSection(SolutionProperties) = preSolution
		HideSolutionNode = FALSE
	EndGlobalSection
EndGlobal
