
Microsoft Visual Studio Solution File, Format Version 12.00
# Visual Studio Version 17
VisualStudioVersion = 17.5.33516.290
MinimumVisualStudioVersion = 10.0.40219.1
Project("{9A19103F-16F7-4668-BE54-9A1E7A4F7556}") = "Escola", "Escola\Escola.csproj", "{A615CA0E-11FD-48B9-8495-BF7B681CA2C5}"
EndProject
Project("{FAE04EC0-301F-11D3-BF4B-00C04F79EFBC}") = "Repository", "Repository\Repository.csproj", "{41631861-73DD-444E-97DB-596B61422FD2}"
EndProject
Global
	GlobalSection(SolutionConfigurationPlatforms) = preSolution
		Debug|Any CPU = Debug|Any CPU
		Release|Any CPU = Release|Any CPU
	EndGlobalSection
	GlobalSection(ProjectConfigurationPlatforms) = postSolution
		{A615CA0E-11FD-48B9-8495-BF7B681CA2C5}.Debug|Any CPU.ActiveCfg = Debug|Any CPU
		{A615CA0E-11FD-48B9-8495-BF7B681CA2C5}.Debug|Any CPU.Build.0 = Debug|Any CPU
		{A615CA0E-11FD-48B9-8495-BF7B681CA2C5}.Release|Any CPU.ActiveCfg = Release|Any CPU
		{A615CA0E-11FD-48B9-8495-BF7B681CA2C5}.Release|Any CPU.Build.0 = Release|Any CPU
		{41631861-73DD-444E-97DB-596B61422FD2}.Debug|Any CPU.ActiveCfg = Debug|Any CPU
		{41631861-73DD-444E-97DB-596B61422FD2}.Debug|Any CPU.Build.0 = Debug|Any CPU
		{41631861-73DD-444E-97DB-596B61422FD2}.Release|Any CPU.ActiveCfg = Release|Any CPU
		{41631861-73DD-444E-97DB-596B61422FD2}.Release|Any CPU.Build.0 = Release|Any CPU
	EndGlobalSection
	GlobalSection(SolutionProperties) = preSolution
		HideSolutionNode = FALSE
	EndGlobalSection
	GlobalSection(ExtensibilityGlobals) = postSolution
		SolutionGuid = {63F419CA-3A3F-47FB-8D9A-D6C3D8F7A70B}
	EndGlobalSection
EndGlobal
